
Microsoft Visual Studio Solution File, Format Version 12.00
# Visual Studio 2012
Project("{FAE04EC0-301F-11D3-BF4B-00C04F79EFBC}") = "cManager.Domain", "cManager.Domain\cManager.Domain.csproj", "{DD61219F-BC71-4255-A81F-E3EB2F3E8992}"
EndProject
Project("{FAE04EC0-301F-11D3-BF4B-00C04F79EFBC}") = "cManager.Web", "cManager.Web\cManager.Web.csproj", "{3207E14A-1CB4-4599-BFA8-B2B338FBA3FA}"
EndProject
Global
	GlobalSection(SolutionConfigurationPlatforms) = preSolution
		Debug|Any CPU = Debug|Any CPU
		Release|Any CPU = Release|Any CPU
	EndGlobalSection
	GlobalSection(ProjectConfigurationPlatforms) = postSolution
		{DD61219F-BC71-4255-A81F-E3EB2F3E8992}.Debug|Any CPU.ActiveCfg = Debug|Any CPU
		{DD61219F-BC71-4255-A81F-E3EB2F3E8992}.Debug|Any CPU.Build.0 = Debug|Any CPU
		{DD61219F-BC71-4255-A81F-E3EB2F3E8992}.Release|Any CPU.ActiveCfg = Release|Any CPU
		{DD61219F-BC71-4255-A81F-E3EB2F3E8992}.Release|Any CPU.Build.0 = Release|Any CPU
		{3207E14A-1CB4-4599-BFA8-B2B338FBA3FA}.Debug|Any CPU.ActiveCfg = Debug|Any CPU
		{3207E14A-1CB4-4599-BFA8-B2B338FBA3FA}.Debug|Any CPU.Build.0 = Debug|Any CPU
		{3207E14A-1CB4-4599-BFA8-B2B338FBA3FA}.Release|Any CPU.ActiveCfg = Release|Any CPU
		{3207E14A-1CB4-4599-BFA8-B2B338FBA3FA}.Release|Any CPU.Build.0 = Release|Any CPU
	EndGlobalSection
	GlobalSection(SolutionProperties) = preSolution
		HideSolutionNode = FALSE
	EndGlobalSection
EndGlobal
